lockfileVersion: '9.0'

settings:
  autoInstallPeers: true
  excludeLinksFromLockfile: false

importers:

  .:
    dependencies:
      '@hono/swagger-ui':
        specifier: ^0.5.2
        version: 0.5.2(hono@4.10.6)
      '@hono/zod-openapi':
        specifier: ^1.1.5
        version: 1.1.5(hono@4.10.6)(zod@4.1.12)
      hono:
        specifier: ^4.10.4
        version: 4.10.6
      lodash-es:
        specifier: ^4.17.21
        version: 4.17.21
      zod:
        specifier: ^4.1.12
        version: 4.1.12
    devDependencies:
      '@types/bun':
        specifier: ^1.3.2
        version: 1.3.3
      '@types/lodash-es':
        specifier: ^4.17.12
        version: 4.17.12

packages:

  '@asteasolutions/zod-to-openapi@8.1.0':
    resolution: {integrity: sha512-tQFxVs05J/6QXXqIzj6rTRk3nj1HFs4pe+uThwE95jL5II2JfpVXkK+CqkO7aT0Do5AYqO6LDrKpleLUFXgY+g==}
    peerDependencies:
      zod: ^4.0.0

  '@hono/swagger-ui@0.5.2':
    resolution: {integrity: sha512-7wxLKdb8h7JTdZ+K8DJNE3KXQMIpJejkBTQjrYlUWF28Z1PGOKw6kUykARe5NTfueIN37jbyG/sBYsbzXzG53A==}
    peerDependencies:
      hono: '*'

  '@hono/zod-openapi@1.1.5':
    resolution: {integrity: sha512-EAnY6ad4yt/MUKHx716BEGGOXSl5d0/FOLozOYB/pmSEFq07qrzefKFtBEMAgd3hlpJXjH+4lwgTtlAo+BGBgQ==}
    engines: {node: '>=16.0.0'}
    peerDependencies:
      hono: '>=4.3.6'
      zod: ^4.0.0

  '@hono/zod-validator@0.7.5':
    resolution: {integrity: sha512-n4l4hutkfYU07PzRUHBOVzUEn38VSfrh+UVE5d0w4lyfWDOEhzxIupqo5iakRiJL44c3vTuFJBvcmUl8b9agIA==}
    peerDependencies:
      hono: '>=3.9.0'
      zod: ^3.25.0 || ^4.0.0

  '@types/bun@1.3.3':
    resolution: {integrity: sha512-ogrKbJ2X5N0kWLLFKeytG0eHDleBYtngtlbu9cyBKFtNL3cnpDZkNdQj8flVf6WTZUX5ulI9AY1oa7ljhSrp+g==}

  '@types/lodash-es@4.17.12':
    resolution: {integrity: sha512-0NgftHUcV4v34VhXm8QBSftKVXtbkBG3ViCjs6+eJ5a6y6Mi/jiFGPc1sC7QK+9BFhWrURE3EOggmWaSxL9OzQ==}

  '@types/lodash@4.17.20':
    resolution: {integrity: sha512-H3MHACvFUEiujabxhaI/ImO6gUrd8oOurg7LQtS7mbwIXA/cUqWrvBsaeJ23aZEPk1TAYkurjfMbSELfoCXlGA==}

  '@types/node@24.10.1':
    resolution: {integrity: sha512-GNWcUTRBgIRJD5zj+Tq0fKOJ5XZajIiBroOF0yvj2bSU1WvNdYS/dn9UxwsujGW4JX06dnHyjV2y9rRaybH0iQ==}

  bun-types@1.3.3:
    resolution: {integrity: sha512-z3Xwlg7j2l9JY27x5Qn3Wlyos8YAp0kKRlrePAOjgjMGS5IG6E7Jnlx736vH9UVI4wUICwwhC9anYL++XeOgTQ==}

  hono@4.10.6:
    resolution: {integrity: sha512-BIdolzGpDO9MQ4nu3AUuDwHZZ+KViNm+EZ75Ae55eMXMqLVhDFqEMXxtUe9Qh8hjL+pIna/frs2j6Y2yD5Ua/g==}
    engines: {node: '>=16.9.0'}

  lodash-es@4.17.21:
    resolution: {integrity: sha512-mKnC+QJ9pWVzv+C4/U3rRsHapFfHvQFoFB92e52xeyGMcX6/OlIl78je1u8vePzYZSkkogMPJ2yjxxsb89cxyw==}

  openapi3-ts@4.5.0:
    resolution: {integrity: sha512-jaL+HgTq2Gj5jRcfdutgRGLosCy/hT8sQf6VOy+P+g36cZOjI1iukdPnijC+4CmeRzg/jEllJUboEic2FhxhtQ==}

  undici-types@7.16.0:
    resolution: {integrity: sha512-Zz+aZWSj8LE6zoxD+xrjh4VfkIG8Ya6LvYkZqtUQGJPZjYl53ypCaUwWqo7eI0x66KBGeRo+mlBEkMSeSZ38Nw==}

  yaml@2.8.1:
    resolution: {integrity: sha512-lcYcMxX2PO9XMGvAJkJ3OsNMw+/7FKes7/hgerGUYWIoWu5j/+YQqcZr5JnPZWzOsEBgMbSbiSTn/dv/69Mkpw==}
    engines: {node: '>= 14.6'}
    hasBin: true

  zod@4.1.12:
    resolution: {integrity: sha512-JInaHOamG8pt5+Ey8kGmdcAcg3OL9reK8ltczgHTAwNhMys/6ThXHityHxVV2p3fkw/c+MAvBHFVYHFZDmjMCQ==}

snapshots:

  '@asteasolutions/zod-to-openapi@8.1.0(zod@4.1.12)':
    dependencies:
      openapi3-ts: 4.5.0
      zod: 4.1.12

  '@hono/swagger-ui@0.5.2(hono@4.10.6)':
    dependencies:
      hono: 4.10.6

  '@hono/zod-openapi@1.1.5(hono@4.10.6)(zod@4.1.12)':
    dependencies:
      '@asteasolutions/zod-to-openapi': 8.1.0(zod@4.1.12)
      '@hono/zod-validator': 0.7.5(hono@4.10.6)(zod@4.1.12)
      hono: 4.10.6
      openapi3-ts: 4.5.0
      zod: 4.1.12

  '@hono/zod-validator@0.7.5(hono@4.10.6)(zod@4.1.12)':
    dependencies:
      hono: 4.10.6
      zod: 4.1.12

  '@types/bun@1.3.3':
    dependencies:
      bun-types: 1.3.3

  '@types/lodash-es@4.17.12':
    dependencies:
      '@types/lodash': 4.17.20

  '@types/lodash@4.17.20': {}

  '@types/node@24.10.1':
    dependencies:
      undici-types: 7.16.0

  bun-types@1.3.3:
    dependencies:
      '@types/node': 24.10.1

  hono@4.10.6: {}

  lodash-es@4.17.21: {}

  openapi3-ts@4.5.0:
    dependencies:
      yaml: 2.8.1

  undici-types@7.16.0: {}

  yaml@2.8.1: {}

  zod@4.1.12: {}
